
Microsoft Visual Studio Solution File, Format Version 12.00
# Visual Studio 15
VisualStudioVersion = 15.0.27130.2036
MinimumVisualStudioVersion = 10.0.40219.1
Project("{FAE04EC0-301F-11D3-BF4B-00C04F79EFBC}") = "restfullapi", "restfullapi\restfullapi.csproj", "{8D55E28B-87ED-4BE1-ADC4-0439A6F12E17}"
EndProject
Global
	GlobalSection(SolutionConfigurationPlatforms) = preSolution
		Debug|Any CPU = Debug|Any CPU
		Release|Any CPU = Release|Any CPU
	EndGlobalSection
	GlobalSection(ProjectConfigurationPlatforms) = postSolution
		{8D55E28B-87ED-4BE1-ADC4-0439A6F12E17}.Debug|Any CPU.ActiveCfg = Debug|Any CPU
		{8D55E28B-87ED-4BE1-ADC4-0439A6F12E17}.Debug|Any CPU.Build.0 = Debug|Any CPU
		{8D55E28B-87ED-4BE1-ADC4-0439A6F12E17}.Release|Any CPU.ActiveCfg = Release|Any CPU
		{8D55E28B-87ED-4BE1-ADC4-0439A6F12E17}.Release|Any CPU.Build.0 = Release|Any CPU
	EndGlobalSection
	GlobalSection(SolutionProperties) = preSolution
		HideSolutionNode = FALSE
	EndGlobalSection
	GlobalSection(ExtensibilityGlobals) = postSolution
		SolutionGuid = {88CE2127-7141-46F3-B534-F0840C682B51}
	EndGlobalSection
EndGlobal
